
Microsoft Visual Studio Solution File, Format Version 12.00
# Visual Studio Version 17
VisualStudioVersion = 17.0.31903.59
MinimumVisualStudioVersion = 10.0.40219.1
Project("{FAE04EC0-301F-11D3-BF4B-00C04F79EFBC}") = "crawler.console", "crawler.console\crawler.console.csproj", "{12AD0CFD-3ED6-45C6-BC91-01BCB1EEF0DB}"
EndProject
Project("{FAE04EC0-301F-11D3-BF4B-00C04F79EFBC}") = "common", "common\common.csproj", "{9C710939-0F68-4058-BC06-1B1DA414F22C}"
EndProject
Project("{FAE04EC0-301F-11D3-BF4B-00C04F79EFBC}") = "crawler.tests", "crawler.tests\crawler.tests.csproj", "{FBCBE0A4-66AC-405C-90FB-B38538DFD18F}"
EndProject
Project("{2150E333-8FDC-42A3-9474-1A3956D46DE8}") = "Solution Items", "Solution Items", "{C4B06F90-BDC4-457A-8CBA-B95156118E11}"
	ProjectSection(SolutionItems) = preProject
		README.MD = README.MD
		.editorconfig = .editorconfig
	EndProjectSection
EndProject
Project("{FAE04EC0-301F-11D3-BF4B-00C04F79EFBC}") = "analytics.console", "analytics.console\analytics.console.csproj", "{7569457B-5D7D-46DB-B881-528430176D9C}"
EndProject
Global
	GlobalSection(SolutionConfigurationPlatforms) = preSolution
		Debug|Any CPU = Debug|Any CPU
		Release|Any CPU = Release|Any CPU
	EndGlobalSection
	GlobalSection(SolutionProperties) = preSolution
		HideSolutionNode = FALSE
	EndGlobalSection
	GlobalSection(ProjectConfigurationPlatforms) = postSolution
		{12AD0CFD-3ED6-45C6-BC91-01BCB1EEF0DB}.Debug|Any CPU.ActiveCfg = Debug|Any CPU
		{12AD0CFD-3ED6-45C6-BC91-01BCB1EEF0DB}.Debug|Any CPU.Build.0 = Debug|Any CPU
		{12AD0CFD-3ED6-45C6-BC91-01BCB1EEF0DB}.Release|Any CPU.ActiveCfg = Release|Any CPU
		{12AD0CFD-3ED6-45C6-BC91-01BCB1EEF0DB}.Release|Any CPU.Build.0 = Release|Any CPU
		{9C710939-0F68-4058-BC06-1B1DA414F22C}.Debug|Any CPU.ActiveCfg = Debug|Any CPU
		{9C710939-0F68-4058-BC06-1B1DA414F22C}.Debug|Any CPU.Build.0 = Debug|Any CPU
		{9C710939-0F68-4058-BC06-1B1DA414F22C}.Release|Any CPU.ActiveCfg = Release|Any CPU
		{9C710939-0F68-4058-BC06-1B1DA414F22C}.Release|Any CPU.Build.0 = Release|Any CPU
		{FBCBE0A4-66AC-405C-90FB-B38538DFD18F}.Debug|Any CPU.ActiveCfg = Debug|Any CPU
		{FBCBE0A4-66AC-405C-90FB-B38538DFD18F}.Debug|Any CPU.Build.0 = Debug|Any CPU
		{FBCBE0A4-66AC-405C-90FB-B38538DFD18F}.Release|Any CPU.ActiveCfg = Release|Any CPU
		{FBCBE0A4-66AC-405C-90FB-B38538DFD18F}.Release|Any CPU.Build.0 = Release|Any CPU
		{7569457B-5D7D-46DB-B881-528430176D9C}.Debug|Any CPU.ActiveCfg = Debug|Any CPU
		{7569457B-5D7D-46DB-B881-528430176D9C}.Debug|Any CPU.Build.0 = Debug|Any CPU
		{7569457B-5D7D-46DB-B881-528430176D9C}.Release|Any CPU.ActiveCfg = Release|Any CPU
		{7569457B-5D7D-46DB-B881-528430176D9C}.Release|Any CPU.Build.0 = Release|Any CPU
	EndGlobalSection
EndGlobal
